// !$*UTF8*$!
{
	archiveVersion = 1;
	classes = {
	};
	objectVersion = 56;
	objects = {

/* Begin PBXBuildFile section */
		E71723E928DE48EF002C0B79 /* BookManagerApp.swift in Sources */ = {isa = PBXBuildFile; fileRef = E71723E828DE48EF002C0B79 /* BookManagerApp.swift */; };
		E71723EB28DE48EF002C0B79 /* LibraryView.swift in Sources */ = {isa = PBXBuildFile; fileRef = E71723EA28DE48EF002C0B79 /* LibraryView.swift */; };
		E71723ED28DE48F0002C0B79 /* Assets.xcassets in Resources */ = {isa = PBXBuildFile; fileRef = E71723EC28DE48F0002C0B79 /* Assets.xcassets */; };
		E71723F028DE48F0002C0B79 /* Preview Assets.xcassets in Resources */ = {isa = PBXBuildFile; fileRef = E71723EF28DE48F0002C0B79 /* Preview Assets.xcassets */; };
		E71723FA28DE4B15002C0B79 /* AppView.swift in Sources */ = {isa = PBXBuildFile; fileRef = E71723F928DE4B15002C0B79 /* AppView.swift */; };
		E71723FC28DE4BAB002C0B79 /* NewBookView.swift in Sources */ = {isa = PBXBuildFile; fileRef = E71723FB28DE4BAB002C0B79 /* NewBookView.swift */; };
		E71723FE28DE4BBB002C0B79 /* ChartsView.swift in Sources */ = {isa = PBXBuildFile; fileRef = E71723FD28DE4BBB002C0B79 /* ChartsView.swift */; };
		E717240028DE4EA6002C0B79 /* Book.swift in Sources */ = {isa = PBXBuildFile; fileRef = E71723FF28DE4EA6002C0B79 /* Book.swift */; };
		E717240828DF2AAD002C0B79 /* BookRowView.swift in Sources */ = {isa = PBXBuildFile; fileRef = E717240728DF2AAD002C0B79 /* BookRowView.swift */; };
		E717240C28DF5B50002C0B79 /* BookDetailView.swift in Sources */ = {isa = PBXBuildFile; fileRef = E717240B28DF5B50002C0B79 /* BookDetailView.swift */; };
		E717240E28DF6604002C0B79 /* Gender.swift in Sources */ = {isa = PBXBuildFile; fileRef = E717240D28DF6604002C0B79 /* Gender.swift */; };
		E7BFEA6028EE023800B5467C /* BookRepository.swift in Sources */ = {isa = PBXBuildFile; fileRef = E7BFEA5F28EE023800B5467C /* BookRepository.swift */; };
		E7BFEA6228EE068100B5467C /* LibraryViewModel.swift in Sources */ = {isa = PBXBuildFile; fileRef = E7BFEA6128EE068100B5467C /* LibraryViewModel.swift */; };
		E7BFEA6428EE074E00B5467C /* BookViewModel.swift in Sources */ = {isa = PBXBuildFile; fileRef = E7BFEA6328EE074E00B5467C /* BookViewModel.swift */; };
		E7F7A77028ED9EE3007764AA /* GoogleService-Info.plist in Resources */ = {isa = PBXBuildFile; fileRef = E7F7A76F28ED9EE3007764AA /* GoogleService-Info.plist */; };
		E7F7A77328EDA082007764AA /* FirebaseAnalytics in Frameworks */ = {isa = PBXBuildFile; productRef = E7F7A77228EDA082007764AA /* FirebaseAnalytics */; };
		E7F7A77528EDA082007764AA /* FirebaseAnalyticsOnDeviceConversion in Frameworks */ = {isa = PBXBuildFile; productRef = E7F7A77428EDA082007764AA /* FirebaseAnalyticsOnDeviceConversion */; };
		E7F7A77728EDA082007764AA /* FirebaseAnalyticsSwift in Frameworks */ = {isa = PBXBuildFile; productRef = E7F7A77628EDA082007764AA /* FirebaseAnalyticsSwift */; };
		E7F7A77928EDA082007764AA /* FirebaseAnalyticsWithoutAdIdSupport in Frameworks */ = {isa = PBXBuildFile; productRef = E7F7A77828EDA082007764AA /* FirebaseAnalyticsWithoutAdIdSupport */; };
		E7F7A77B28EDA082007764AA /* FirebaseAuth in Frameworks */ = {isa = PBXBuildFile; productRef = E7F7A77A28EDA082007764AA /* FirebaseAuth */; };
		E7F7A77D28EDA082007764AA /* FirebaseAuthCombine-Community in Frameworks */ = {isa = PBXBuildFile; productRef = E7F7A77C28EDA082007764AA /* FirebaseAuthCombine-Community */; };
		E7F7A77F28EDA082007764AA /* FirebaseDatabase in Frameworks */ = {isa = PBXBuildFile; productRef = E7F7A77E28EDA082007764AA /* FirebaseDatabase */; };
		E7F7A78128EDA082007764AA /* FirebaseDatabaseSwift in Frameworks */ = {isa = PBXBuildFile; productRef = E7F7A78028EDA082007764AA /* FirebaseDatabaseSwift */; };
		E7F7A78328EDA082007764AA /* FirebaseFirestore in Frameworks */ = {isa = PBXBuildFile; productRef = E7F7A78228EDA082007764AA /* FirebaseFirestore */; };
		E7F7A78528EDA082007764AA /* FirebaseFirestoreCombine-Community in Frameworks */ = {isa = PBXBuildFile; productRef = E7F7A78428EDA082007764AA /* FirebaseFirestoreCombine-Community */; };
		E7F7A78728EDA082007764AA /* FirebaseFirestoreSwift in Frameworks */ = {isa = PBXBuildFile; productRef = E7F7A78628EDA082007764AA /* FirebaseFirestoreSwift */; };
/* End PBXBuildFile section */

/* Begin PBXFileReference section */
		E71723E528DE48EF002C0B79 /* BookManager.app */ = {isa = PBXFileReference; explicitFileType = wrapper.application; includeInIndex = 0; path = BookManager.app; sourceTree = BUILT_PRODUCTS_DIR; };
		E71723E828DE48EF002C0B79 /* BookManagerApp.swift */ = {isa = PBXFileReference; lastKnownFileType = sourcecode.swift; path = BookManagerApp.swift; sourceTree = "<group>"; };
		E71723EA28DE48EF002C0B79 /* LibraryView.swift */ = {isa = PBXFileReference; lastKnownFileType = sourcecode.swift; path = LibraryView.swift; sourceTree = "<group>"; };
		E71723EC28DE48F0002C0B79 /* Assets.xcassets */ = {isa = PBXFileReference; lastKnownFileType = folder.assetcatalog; path = Assets.xcassets; sourceTree = "<group>"; };
		E71723EF28DE48F0002C0B79 /* Preview Assets.xcassets */ = {isa = PBXFileReference; lastKnownFileType = folder.assetcatalog; path = "Preview Assets.xcassets"; sourceTree = "<group>"; };
		E71723F928DE4B15002C0B79 /* AppView.swift */ = {isa = PBXFileReference; lastKnownFileType = sourcecode.swift; path = AppView.swift; sourceTree = "<group>"; };
		E71723FB28DE4BAB002C0B79 /* NewBookView.swift */ = {isa = PBXFileReference; lastKnownFileType = sourcecode.swift; path = NewBookView.swift; sourceTree = "<group>"; };
		E71723FD28DE4BBB002C0B79 /* ChartsView.swift */ = {isa = PBXFileReference; lastKnownFileType = sourcecode.swift; path = ChartsView.swift; sourceTree = "<group>"; };
		E71723FF28DE4EA6002C0B79 /* Book.swift */ = {isa = PBXFileReference; lastKnownFileType = sourcecode.swift; path = Book.swift; sourceTree = "<group>"; };
		E717240728DF2AAD002C0B79 /* BookRowView.swift */ = {isa = PBXFileReference; lastKnownFileType = sourcecode.swift; path = BookRowView.swift; sourceTree = "<group>"; };
		E717240B28DF5B50002C0B79 /* BookDetailView.swift */ = {isa = PBXFileReference; lastKnownFileType = sourcecode.swift; path = BookDetailView.swift; sourceTree = "<group>"; };
		E717240D28DF6604002C0B79 /* Gender.swift */ = {isa = PBXFileReference; lastKnownFileType = sourcecode.swift; path = Gender.swift; sourceTree = "<group>"; };
		E7BFEA5F28EE023800B5467C /* BookRepository.swift */ = {isa = PBXFileReference; lastKnownFileType = sourcecode.swift; path = BookRepository.swift; sourceTree = "<group>"; };
		E7BFEA6128EE068100B5467C /* LibraryViewModel.swift */ = {isa = PBXFileReference; lastKnownFileType = sourcecode.swift; path = LibraryViewModel.swift; sourceTree = "<group>"; };
		E7BFEA6328EE074E00B5467C /* BookViewModel.swift */ = {isa = PBXFileReference; lastKnownFileType = sourcecode.swift; path = BookViewModel.swift; sourceTree = "<group>"; };
		E7F7A76F28ED9EE3007764AA /* GoogleService-Info.plist */ = {isa = PBXFileReference; lastKnownFileType = text.plist; path = "GoogleService-Info.plist"; sourceTree = SOURCE_ROOT; };
/* End PBXFileReference section */

/* Begin PBXFrameworksBuildPhase section */
		E71723E228DE48EF002C0B79 /* Frameworks */ = {
			isa = PBXFrameworksBuildPhase;
			buildActionMask = 2147483647;
			files = (
				E7F7A78128EDA082007764AA /* FirebaseDatabaseSwift in Frameworks */,
				E7F7A77728EDA082007764AA /* FirebaseAnalyticsSwift in Frameworks */,
				E7F7A77D28EDA082007764AA /* FirebaseAuthCombine-Community in Frameworks */,
				E7F7A78528EDA082007764AA /* FirebaseFirestoreCombine-Community in Frameworks */,
				E7F7A77B28EDA082007764AA /* FirebaseAuth in Frameworks */,
				E7F7A78728EDA082007764AA /* FirebaseFirestoreSwift in Frameworks */,
				E7F7A77328EDA082007764AA /* FirebaseAnalytics in Frameworks */,
				E7F7A78328EDA082007764AA /* FirebaseFirestore in Frameworks */,
				E7F7A77528EDA082007764AA /* FirebaseAnalyticsOnDeviceConversion in Frameworks */,
				E7F7A77F28EDA082007764AA /* FirebaseDatabase in Frameworks */,
				E7F7A77928EDA082007764AA /* FirebaseAnalyticsWithoutAdIdSupport in Frameworks */,
			);
			runOnlyForDeploymentPostprocessing = 0;
		};
/* End PBXFrameworksBuildPhase section */

/* Begin PBXGroup section */
		E71723DC28DE48EF002C0B79 = {
			isa = PBXGroup;
			children = (
				E71723E728DE48EF002C0B79 /* BookManager */,
				E71723E628DE48EF002C0B79 /* Products */,
			);
			sourceTree = "<group>";
		};
		E71723E628DE48EF002C0B79 /* Products */ = {
			isa = PBXGroup;
			children = (
				E71723E528DE48EF002C0B79 /* BookManager.app */,
			);
			name = Products;
			sourceTree = "<group>";
		};
		E71723E728DE48EF002C0B79 /* BookManager */ = {
			isa = PBXGroup;
			children = (
				E71723E828DE48EF002C0B79 /* BookManagerApp.swift */,
				E7BFEA5E28EE021800B5467C /* DataRepositories */,
				E717240F28DF74CA002C0B79 /* ViewModel */,
				E71723F828DE4969002C0B79 /* Models */,
				E71723F628DE4956002C0B79 /* Views */,
				E71723EC28DE48F0002C0B79 /* Assets.xcassets */,
				E7F7A76F28ED9EE3007764AA /* GoogleService-Info.plist */,
				E71723EE28DE48F0002C0B79 /* Preview Content */,
			);
			path = BookManager;
			sourceTree = "<group>";
		};
		E71723EE28DE48F0002C0B79 /* Preview Content */ = {
			isa = PBXGroup;
			children = (
				E71723EF28DE48F0002C0B79 /* Preview Assets.xcassets */,
			);
			path = "Preview Content";
			sourceTree = "<group>";
		};
		E71723F628DE4956002C0B79 /* Views */ = {
			isa = PBXGroup;
			children = (
				E71723EA28DE48EF002C0B79 /* LibraryView.swift */,
				E71723F928DE4B15002C0B79 /* AppView.swift */,
				E71723FB28DE4BAB002C0B79 /* NewBookView.swift */,
				E71723FD28DE4BBB002C0B79 /* ChartsView.swift */,
				E717240728DF2AAD002C0B79 /* BookRowView.swift */,
				E717240B28DF5B50002C0B79 /* BookDetailView.swift */,
			);
			path = Views;
			sourceTree = "<group>";
		};
		E71723F828DE4969002C0B79 /* Models */ = {
			isa = PBXGroup;
			children = (
				E71723FF28DE4EA6002C0B79 /* Book.swift */,
				E717240D28DF6604002C0B79 /* Gender.swift */,
			);
			path = Models;
			sourceTree = "<group>";
		};
		E717240F28DF74CA002C0B79 /* ViewModel */ = {
			isa = PBXGroup;
			children = (
				E7BFEA6128EE068100B5467C /* LibraryViewModel.swift */,
				E7BFEA6328EE074E00B5467C /* BookViewModel.swift */,
			);
			path = ViewModel;
			sourceTree = "<group>";
		};
		E7BFEA5E28EE021800B5467C /* DataRepositories */ = {
			isa = PBXGroup;
			children = (
				E7BFEA5F28EE023800B5467C /* BookRepository.swift */,
			);
			path = DataRepositories;
			sourceTree = "<group>";
		};
/* End PBXGroup section */

/* Begin PBXNativeTarget section */
		E71723E428DE48EF002C0B79 /* BookManager */ = {
			isa = PBXNativeTarget;
			buildConfigurationList = E71723F328DE48F0002C0B79 /* Build configuration list for PBXNativeTarget "BookManager" */;
			buildPhases = (
				E71723E128DE48EF002C0B79 /* Sources */,
				E71723E228DE48EF002C0B79 /* Frameworks */,
				E71723E328DE48EF002C0B79 /* Resources */,
			);
			buildRules = (
			);
			dependencies = (
			);
			name = BookManager;
			packageProductDependencies = (
				E7F7A77228EDA082007764AA /* FirebaseAnalytics */,
				E7F7A77428EDA082007764AA /* FirebaseAnalyticsOnDeviceConversion */,
				E7F7A77628EDA082007764AA /* FirebaseAnalyticsSwift */,
				E7F7A77828EDA082007764AA /* FirebaseAnalyticsWithoutAdIdSupport */,
				E7F7A77A28EDA082007764AA /* FirebaseAuth */,
				E7F7A77C28EDA082007764AA /* FirebaseAuthCombine-Community */,
				E7F7A77E28EDA082007764AA /* FirebaseDatabase */,
				E7F7A78028EDA082007764AA /* FirebaseDatabaseSwift */,
				E7F7A78228EDA082007764AA /* FirebaseFirestore */,
				E7F7A78428EDA082007764AA /* FirebaseFirestoreCombine-Community */,
				E7F7A78628EDA082007764AA /* FirebaseFirestoreSwift */,
			);
			productName = BookManager;
			productReference = E71723E528DE48EF002C0B79 /* BookManager.app */;
			productType = "com.apple.product-type.application";
		};
/* End PBXNativeTarget section */

/* Begin PBXProject section */
		E71723DD28DE48EF002C0B79 /* Project object */ = {
			isa = PBXProject;
			attributes = {
				BuildIndependentTargetsInParallel = 1;
				LastSwiftUpdateCheck = 1400;
				LastUpgradeCheck = 1400;
				TargetAttributes = {
					E71723E428DE48EF002C0B79 = {
						CreatedOnToolsVersion = 14.0;
					};
				};
			};
			buildConfigurationList = E71723E028DE48EF002C0B79 /* Build configuration list for PBXProject "BookManager" */;
			compatibilityVersion = "Xcode 14.0";
			developmentRegion = en;
			hasScannedForEncodings = 0;
			knownRegions = (
				en,
				Base,
			);
			mainGroup = E71723DC28DE48EF002C0B79;
			packageReferences = (
				E7F7A77128EDA082007764AA /* XCRemoteSwiftPackageReference "firebase-ios-sdk" */,
			);
			productRefGroup = E71723E628DE48EF002C0B79 /* Products */;
			projectDirPath = "";
			projectRoot = "";
			targets = (
				E71723E428DE48EF002C0B79 /* BookManager */,
			);
		};
/* End PBXProject section */

/* Begin PBXResourcesBuildPhase section */
		E71723E328DE48EF002C0B79 /* Resources */ = {
			isa = PBXResourcesBuildPhase;
			buildActionMask = 2147483647;
			files = (
				E71723F028DE48F0002C0B79 /* Preview Assets.xcassets in Resources */,
				E71723ED28DE48F0002C0B79 /* Assets.xcassets in Resources */,
				E7F7A77028ED9EE3007764AA /* GoogleService-Info.plist in Resources */,
			);
			runOnlyForDeploymentPostprocessing = 0;
		};
/* End PBXResourcesBuildPhase section */

/* Begin PBXSourcesBuildPhase section */
		E71723E128DE48EF002C0B79 /* Sources */ = {
			isa = PBXSourcesBuildPhase;
			buildActionMask = 2147483647;
			files = (
				E7BFEA6428EE074E00B5467C /* BookViewModel.swift in Sources */,
				E71723EB28DE48EF002C0B79 /* LibraryView.swift in Sources */,
				E717240E28DF6604002C0B79 /* Gender.swift in Sources */,
				E71723E928DE48EF002C0B79 /* BookManagerApp.swift in Sources */,
				E717240C28DF5B50002C0B79 /* BookDetailView.swift in Sources */,
				E717240028DE4EA6002C0B79 /* Book.swift in Sources */,
				E71723FE28DE4BBB002C0B79 /* ChartsView.swift in Sources */,
				E71723FA28DE4B15002C0B79 /* AppView.swift in Sources */,
				E71723FC28DE4BAB002C0B79 /* NewBookView.swift in Sources */,
				E7BFEA6028EE023800B5467C /* BookRepository.swift in Sources */,
				E7BFEA6228EE068100B5467C /* LibraryViewModel.swift in Sources */,
				E717240828DF2AAD002C0B79 /* BookRowView.swift in Sources */,
			);
			runOnlyForDeploymentPostprocessing = 0;
		};
/* End PBXSourcesBuildPhase section */

/* Begin XCBuildConfiguration section */
		E71723F128DE48F0002C0B79 /* Debug */ = {
			isa = XCBuildConfiguration;
			buildSettings = {
				ALWAYS_SEARCH_USER_PATHS = NO;
				CLANG_ANALYZER_NONNULL = YES;
				CLANG_ANALYZER_NUMBER_OBJECT_CONVERSION = YES_AGGRESSIVE;
				CLANG_CXX_LANGUAGE_STANDARD = "gnu++20";
				CLANG_ENABLE_MODULES = YES;
				CLANG_ENABLE_OBJC_ARC = YES;
				CLANG_ENABLE_OBJC_WEAK = YES;
				CLANG_WARN_BLOCK_CAPTURE_AUTORELEASING = YES;
				CLANG_WARN_BOOL_CONVERSION = YES;
				CLANG_WARN_COMMA = YES;
				CLANG_WARN_CONSTANT_CONVERSION = YES;
				CLANG_WARN_DEPRECATED_OBJC_IMPLEMENTATIONS = YES;
				CLANG_WARN_DIRECT_OBJC_ISA_USAGE = YES_ERROR;
				CLANG_WARN_DOCUMENTATION_COMMENTS = YES;
				CLANG_WARN_EMPTY_BODY = YES;
				CLANG_WARN_ENUM_CONVERSION = YES;
				CLANG_WARN_INFINITE_RECURSION = YES;
				CLANG_WARN_INT_CONVERSION = YES;
				CLANG_WARN_NON_LITERAL_NULL_CONVERSION = YES;
				CLANG_WARN_OBJC_IMPLICIT_RETAIN_SELF = YES;
				CLANG_WARN_OBJC_LITERAL_CONVERSION = YES;
				CLANG_WARN_OBJC_ROOT_CLASS = YES_ERROR;
				CLANG_WARN_QUOTED_INCLUDE_IN_FRAMEWORK_HEADER = YES;
				CLANG_WARN_RANGE_LOOP_ANALYSIS = YES;
				CLANG_WARN_STRICT_PROTOTYPES = YES;
				CLANG_WARN_SUSPICIOUS_MOVE = YES;
				CLANG_WARN_UNGUARDED_AVAILABILITY = YES_AGGRESSIVE;
				CLANG_WARN_UNREACHABLE_CODE = YES;
				CLANG_WARN__DUPLICATE_METHOD_MATCH = YES;
				COPY_PHASE_STRIP = NO;
				DEBUG_INFORMATION_FORMAT = dwarf;
				ENABLE_STRICT_OBJC_MSGSEND = YES;
				ENABLE_TESTABILITY = YES;
				GCC_C_LANGUAGE_STANDARD = gnu11;
				GCC_DYNAMIC_NO_PIC = NO;
				GCC_NO_COMMON_BLOCKS = YES;
				GCC_OPTIMIZATION_LEVEL = 0;
				GCC_PREPROCESSOR_DEFINITIONS = (
					"DEBUG=1",
					"$(inherited)",
				);
				GCC_WARN_64_TO_32_BIT_CONVERSION = YES;
				GCC_WARN_ABOUT_RETURN_TYPE = YES_ERROR;
				GCC_WARN_UNDECLARED_SELECTOR = YES;
				GCC_WARN_UNINITIALIZED_AUTOS = YES_AGGRESSIVE;
				GCC_WARN_UNUSED_FUNCTION = YES;
				GCC_WARN_UNUSED_VARIABLE = YES;
				IPHONEOS_DEPLOYMENT_TARGET = 16.0;
				MTL_ENABLE_DEBUG_INFO = INCLUDE_SOURCE;
				MTL_FAST_MATH = YES;
				ONLY_ACTIVE_ARCH = YES;
				SDKROOT = iphoneos;
				SWIFT_ACTIVE_COMPILATION_CONDITIONS = DEBUG;
				SWIFT_OPTIMIZATION_LEVEL = "-Onone";
			};
			name = Debug;
		};
		E71723F228DE48F0002C0B79 /* Release */ = {
			isa = XCBuildConfiguration;
			buildSettings = {
				ALWAYS_SEARCH_USER_PATHS = NO;
				CLANG_ANALYZER_NONNULL = YES;
				CLANG_ANALYZER_NUMBER_OBJECT_CONVERSION = YES_AGGRESSIVE;
				CLANG_CXX_LANGUAGE_STANDARD = "gnu++20";
				CLANG_ENABLE_MODULES = YES;
				CLANG_ENABLE_OBJC_ARC = YES;
				CLANG_ENABLE_OBJC_WEAK = YES;
				CLANG_WARN_BLOCK_CAPTURE_AUTORELEASING = YES;
				CLANG_WARN_BOOL_CONVERSION = YES;
				CLANG_WARN_COMMA = YES;
				CLANG_WARN_CONSTANT_CONVERSION = YES;
				CLANG_WARN_DEPRECATED_OBJC_IMPLEMENTATIONS = YES;
				CLANG_WARN_DIRECT_OBJC_ISA_USAGE = YES_ERROR;
				CLANG_WARN_DOCUMENTATION_COMMENTS = YES;
				CLANG_WARN_EMPTY_BODY = YES;
				CLANG_WARN_ENUM_CONVERSION = YES;
				CLANG_WARN_INFINITE_RECURSION = YES;
				CLANG_WARN_INT_CONVERSION = YES;
				CLANG_WARN_NON_LITERAL_NULL_CONVERSION = YES;
				CLANG_WARN_OBJC_IMPLICIT_RETAIN_SELF = YES;
				CLANG_WARN_OBJC_LITERAL_CONVERSION = YES;
				CLANG_WARN_OBJC_ROOT_CLASS = YES_ERROR;
				CLANG_WARN_QUOTED_INCLUDE_IN_FRAMEWORK_HEADER = YES;
				CLANG_WARN_RANGE_LOOP_ANALYSIS = YES;
				CLANG_WARN_STRICT_PROTOTYPES = YES;
				CLANG_WARN_SUSPICIOUS_MOVE = YES;
				CLANG_WARN_UNGUARDED_AVAILABILITY = YES_AGGRESSIVE;
				CLANG_WARN_UNREACHABLE_CODE = YES;
				CLANG_WARN__DUPLICATE_METHOD_MATCH = YES;
				COPY_PHASE_STRIP = NO;
				DEBUG_INFORMATION_FORMAT = "dwarf-with-dsym";
				ENABLE_NS_ASSERTIONS = NO;
				ENABLE_STRICT_OBJC_MSGSEND = YES;
				GCC_C_LANGUAGE_STANDARD = gnu11;
				GCC_NO_COMMON_BLOCKS = YES;
				GCC_WARN_64_TO_32_BIT_CONVERSION = YES;
				GCC_WARN_ABOUT_RETURN_TYPE = YES_ERROR;
				GCC_WARN_UNDECLARED_SELECTOR = YES;
				GCC_WARN_UNINITIALIZED_AUTOS = YES_AGGRESSIVE;
				GCC_WARN_UNUSED_FUNCTION = YES;
				GCC_WARN_UNUSED_VARIABLE = YES;
				IPHONEOS_DEPLOYMENT_TARGET = 16.0;
				MTL_ENABLE_DEBUG_INFO = NO;
				MTL_FAST_MATH = YES;
				SDKROOT = iphoneos;
				SWIFT_COMPILATION_MODE = wholemodule;
				SWIFT_OPTIMIZATION_LEVEL = "-O";
				VALIDATE_PRODUCT = YES;
			};
			name = Release;
		};
		E71723F428DE48F0002C0B79 /* Debug */ = {
			isa = XCBuildConfiguration;
			buildSettings = {
				ASSETCATALOG_COMPILER_APPICON_NAME = AppIcon;
				ASSETCATALOG_COMPILER_GLOBAL_ACCENT_COLOR_NAME = AccentColor;
				CODE_SIGN_STYLE = Automatic;
				CURRENT_PROJECT_VERSION = 1;
				DEVELOPMENT_ASSET_PATHS = "\"BookManager/Preview Content\"";
				DEVELOPMENT_TEAM = X94WPSRU4C;
				ENABLE_PREVIEWS = YES;
				GENERATE_INFOPLIST_FILE = YES;
				INFOPLIST_KEY_UIApplicationSceneManifest_Generation = YES;
				INFOPLIST_KEY_UIApplicationSupportsIndirectInputEvents = YES;
				INFOPLIST_KEY_UILaunchScreen_Generation = YES;
				INFOPLIST_KEY_UISupportedInterfaceOrientations_iPad = "UIInterfaceOrientationPortrait UIInterfaceOrientationPortraitUpsideDown UIInterfaceOrientationLandscapeLeft UIInterfaceOrientationLandscapeRight";
				INFOPLIST_KEY_UISupportedInterfaceOrientations_iPhone = "UIInterfaceOrientationPortrait UIInterfaceOrientationLandscapeLeft UIInterfaceOrientationLandscapeRight";
				LD_RUNPATH_SEARCH_PATHS = (
					"$(inherited)",
					"@executable_path/Frameworks",
				);
				MARKETING_VERSION = 1.0;
				PRODUCT_BUNDLE_IDENTIFIER = net.cmuis.BookManager;
				PRODUCT_NAME = "$(TARGET_NAME)";
				SWIFT_EMIT_LOC_STRINGS = YES;
				SWIFT_VERSION = 5.0;
				TARGETED_DEVICE_FAMILY = "1,2";
			};
			name = Debug;
		};
		E71723F528DE48F0002C0B79 /* Release */ = {
			isa = XCBuildConfiguration;
			buildSettings = {
				ASSETCATALOG_COMPILER_APPICON_NAME = AppIcon;
				ASSETCATALOG_COMPILER_GLOBAL_ACCENT_COLOR_NAME = AccentColor;
				CODE_SIGN_STYLE = Automatic;
				CURRENT_PROJECT_VERSION = 1;
				DEVELOPMENT_ASSET_PATHS = "\"BookManager/Preview Content\"";
				DEVELOPMENT_TEAM = X94WPSRU4C;
				ENABLE_PREVIEWS = YES;
				GENERATE_INFOPLIST_FILE = YES;
				INFOPLIST_KEY_UIApplicationSceneManifest_Generation = YES;
				INFOPLIST_KEY_UIApplicationSupportsIndirectInputEvents = YES;
				INFOPLIST_KEY_UILaunchScreen_Generation = YES;
				INFOPLIST_KEY_UISupportedInterfaceOrientations_iPad = "UIInterfaceOrientationPortrait UIInterfaceOrientationPortraitUpsideDown UIInterfaceOrientationLandscapeLeft UIInterfaceOrientationLandscapeRight";
				INFOPLIST_KEY_UISupportedInterfaceOrientations_iPhone = "UIInterfaceOrientationPortrait UIInterfaceOrientationLandscapeLeft UIInterfaceOrientationLandscapeRight";
				LD_RUNPATH_SEARCH_PATHS = (
					"$(inherited)",
					"@executable_path/Frameworks",
				);
				MARKETING_VERSION = 1.0;
				PRODUCT_BUNDLE_IDENTIFIER = net.cmuis.BookManager;
				PRODUCT_NAME = "$(TARGET_NAME)";
				SWIFT_EMIT_LOC_STRINGS = YES;
				SWIFT_VERSION = 5.0;
				TARGETED_DEVICE_FAMILY = "1,2";
			};
			name = Release;
		};
/* End XCBuildConfiguration section */

/* Begin XCConfigurationList section */
		E71723E028DE48EF002C0B79 /* Build configuration list for PBXProject "BookManager" */ = {
			isa = XCConfigurationList;
			buildConfigurations = (
				E71723F128DE48F0002C0B79 /* Debug */,
				E71723F228DE48F0002C0B79 /* Release */,
			);
			defaultConfigurationIsVisible = 0;
			defaultConfigurationName = Release;
		};
		E71723F328DE48F0002C0B79 /* Build configuration list for PBXNativeTarget "BookManager" */ = {
			isa = XCConfigurationList;
			buildConfigurations = (
				E71723F428DE48F0002C0B79 /* Debug */,
				E71723F528DE48F0002C0B79 /* Release */,
			);
			defaultConfigurationIsVisible = 0;
			defaultConfigurationName = Release;
		};
/* End XCConfigurationList section */

/* Begin XCRemoteSwiftPackageReference section */
		E7F7A77128EDA082007764AA /* XCRemoteSwiftPackageReference "firebase-ios-sdk" */ = {
			isa = XCRemoteSwiftPackageReference;
			repositoryURL = "https://github.com/firebase/firebase-ios-sdk";
			requirement = {
				kind = upToNextMajorVersion;
				minimumVersion = 9.0.0;
			};
		};
/* End XCRemoteSwiftPackageReference section */

/* Begin XCSwiftPackageProductDependency section */
		E7F7A77228EDA082007764AA /* FirebaseAnalytics */ = {
			isa = XCSwiftPackageProductDependency;
			package = E7F7A77128EDA082007764AA /* XCRemoteSwiftPackageReference "firebase-ios-sdk" */;
			productName = FirebaseAnalytics;
		};
		E7F7A77428EDA082007764AA /* FirebaseAnalyticsOnDeviceConversion */ = {
			isa = XCSwiftPackageProductDependency;
			package = E7F7A77128EDA082007764AA /* XCRemoteSwiftPackageReference "firebase-ios-sdk" */;
			productName = FirebaseAnalyticsOnDeviceConversion;
		};
		E7F7A77628EDA082007764AA /* FirebaseAnalyticsSwift */ = {
			isa = XCSwiftPackageProductDependency;
			package = E7F7A77128EDA082007764AA /* XCRemoteSwiftPackageReference "firebase-ios-sdk" */;
			productName = FirebaseAnalyticsSwift;
		};
		E7F7A77828EDA082007764AA /* FirebaseAnalyticsWithoutAdIdSupport */ = {
			isa = XCSwiftPackageProductDependency;
			package = E7F7A77128EDA082007764AA /* XCRemoteSwiftPackageReference "firebase-ios-sdk" */;
			productName = FirebaseAnalyticsWithoutAdIdSupport;
		};
		E7F7A77A28EDA082007764AA /* FirebaseAuth */ = {
			isa = XCSwiftPackageProductDependency;
			package = E7F7A77128EDA082007764AA /* XCRemoteSwiftPackageReference "firebase-ios-sdk" */;
			productName = FirebaseAuth;
		};
		E7F7A77C28EDA082007764AA /* FirebaseAuthCombine-Community */ = {
			isa = XCSwiftPackageProductDependency;
			package = E7F7A77128EDA082007764AA /* XCRemoteSwiftPackageReference "firebase-ios-sdk" */;
			productName = "FirebaseAuthCombine-Community";
		};
		E7F7A77E28EDA082007764AA /* FirebaseDatabase */ = {
			isa = XCSwiftPackageProductDependency;
			package = E7F7A77128EDA082007764AA /* XCRemoteSwiftPackageReference "firebase-ios-sdk" */;
			productName = FirebaseDatabase;
		};
		E7F7A78028EDA082007764AA /* FirebaseDatabaseSwift */ = {
			isa = XCSwiftPackageProductDependency;
			package = E7F7A77128EDA082007764AA /* XCRemoteSwiftPackageReference "firebase-ios-sdk" */;
			productName = FirebaseDatabaseSwift;
		};
		E7F7A78228EDA082007764AA /* FirebaseFirestore */ = {
			isa = XCSwiftPackageProductDependency;
			package = E7F7A77128EDA082007764AA /* XCRemoteSwiftPackageReference "firebase-ios-sdk" */;
			productName = FirebaseFirestore;
		};
		E7F7A78428EDA082007764AA /* FirebaseFirestoreCombine-Community */ = {
			isa = XCSwiftPackageProductDependency;
			package = E7F7A77128EDA082007764AA /* XCRemoteSwiftPackageReference "firebase-ios-sdk" */;
			productName = "FirebaseFirestoreCombine-Community";
		};
		E7F7A78628EDA082007764AA /* FirebaseFirestoreSwift */ = {
			isa = XCSwiftPackageProductDependency;
			package = E7F7A77128EDA082007764AA /* XCRemoteSwiftPackageReference "firebase-ios-sdk" */;
			productName = FirebaseFirestoreSwift;
		};
/* End XCSwiftPackageProductDependency section */
	};
	rootObject = E71723DD28DE48EF002C0B79 /* Project object */;
}
